
Microsoft Visual Studio Solution File, Format Version 12.00
# Visual Studio Version 17
VisualStudioVersion = 17.7.34031.279
MinimumVisualStudioVersion = 10.0.40219.1
Project("{FAE04EC0-301F-11D3-BF4B-00C04F79EFBC}") = "lab4rpm", "lab4rpm\lab4rpm.csproj", "{5F3DE4A4-465B-4284-8B3C-F62E3CE8CFCA}"
EndProject
Global
	GlobalSection(SolutionConfigurationPlatforms) = preSolution
		Debug|Any CPU = Debug|Any CPU
		Release|Any CPU = Release|Any CPU
	EndGlobalSection
	GlobalSection(ProjectConfigurationPlatforms) = postSolution
		{5F3DE4A4-465B-4284-8B3C-F62E3CE8CFCA}.Debug|Any CPU.ActiveCfg = Debug|Any CPU
		{5F3DE4A4-465B-4284-8B3C-F62E3CE8CFCA}.Debug|Any CPU.Build.0 = Debug|Any CPU
		{5F3DE4A4-465B-4284-8B3C-F62E3CE8CFCA}.Release|Any CPU.ActiveCfg = Release|Any CPU
		{5F3DE4A4-465B-4284-8B3C-F62E3CE8CFCA}.Release|Any CPU.Build.0 = Release|Any CPU
	EndGlobalSection
	GlobalSection(SolutionProperties) = preSolution
		HideSolutionNode = FALSE
	EndGlobalSection
	GlobalSection(ExtensibilityGlobals) = postSolution
		SolutionGuid = {BE2CEFD7-8F4E-4422-B1A8-5E72A1D34C4A}
	EndGlobalSection
EndGlobal
